// !$*UTF8*$!
{
	archiveVersion = 1;
	classes = {
	};
	objectVersion = 56;
	objects = {

/* Begin PBXBuildFile section */
		3105734E29CFC7A90066E1F2 /* WhoScoreView.swift in Sources */ = {isa = PBXBuildFile; fileRef = 3105734D29CFC7A90066E1F2 /* WhoScoreView.swift */; };
		3189F10229DA41E000786D18 /* PlayerModel.swift in Sources */ = {isa = PBXBuildFile; fileRef = 3189F10129DA41E000786D18 /* PlayerModel.swift */; };
		3189F10529DA42CF00786D18 /* PlayerViewModel.swift in Sources */ = {isa = PBXBuildFile; fileRef = 3189F10429DA42CF00786D18 /* PlayerViewModel.swift */; };
		3195812729DA4E1B00EBC8F3 /* GoogleService-Info.plist in Resources */ = {isa = PBXBuildFile; fileRef = 3195812629DA4E1B00EBC8F3 /* GoogleService-Info.plist */; };
		3195812A29DA4E5B00EBC8F3 /* FirebaseFirestore in Frameworks */ = {isa = PBXBuildFile; productRef = 3195812929DA4E5B00EBC8F3 /* FirebaseFirestore */; };
		3195812C29DA4E5B00EBC8F3 /* FirebaseFirestoreSwift in Frameworks */ = {isa = PBXBuildFile; productRef = 3195812B29DA4E5B00EBC8F3 /* FirebaseFirestoreSwift */; };
		31CCE6DE29DA95A400B42585 /* boxscoreView.swift in Sources */ = {isa = PBXBuildFile; fileRef = 31CCE6DD29DA95A400B42585 /* boxscoreView.swift */; };
		31F352FF29C2F051009F69C3 /* SimpleBasketballScoreApp.swift in Sources */ = {isa = PBXBuildFile; fileRef = 31F352FE29C2F051009F69C3 /* SimpleBasketballScoreApp.swift */; };
		31F3530129C2F051009F69C3 /* ContentView.swift in Sources */ = {isa = PBXBuildFile; fileRef = 31F3530029C2F051009F69C3 /* ContentView.swift */; };
		31F3530329C2F053009F69C3 /* Assets.xcassets in Resources */ = {isa = PBXBuildFile; fileRef = 31F3530229C2F053009F69C3 /* Assets.xcassets */; };
		31F3530629C2F053009F69C3 /* Preview Assets.xcassets in Resources */ = {isa = PBXBuildFile; fileRef = 31F3530529C2F053009F69C3 /* Preview Assets.xcassets */; };
		31F3530829C2F053009F69C3 /* Persistence.swift in Sources */ = {isa = PBXBuildFile; fileRef = 31F3530729C2F053009F69C3 /* Persistence.swift */; };
		31F3530B29C2F053009F69C3 /* SimpleBasketballScore.xcdatamodeld in Sources */ = {isa = PBXBuildFile; fileRef = 31F3530929C2F053009F69C3 /* SimpleBasketballScore.xcdatamodeld */; };
		31F3531529C2F127009F69C3 /* inGameView.swift in Sources */ = {isa = PBXBuildFile; fileRef = 31F3531429C2F127009F69C3 /* inGameView.swift */; };
/* End PBXBuildFile section */

/* Begin PBXFileReference section */
		3105734D29CFC7A90066E1F2 /* WhoScoreView.swift */ = {isa = PBXFileReference; lastKnownFileType = sourcecode.swift; path = WhoScoreView.swift; sourceTree = "<group>"; };
		3189F10129DA41E000786D18 /* PlayerModel.swift */ = {isa = PBXFileReference; lastKnownFileType = sourcecode.swift; path = PlayerModel.swift; sourceTree = "<group>"; };
		3189F10429DA42CF00786D18 /* PlayerViewModel.swift */ = {isa = PBXFileReference; lastKnownFileType = sourcecode.swift; path = PlayerViewModel.swift; sourceTree = "<group>"; };
		3195812629DA4E1B00EBC8F3 /* GoogleService-Info.plist */ = {isa = PBXFileReference; fileEncoding = 4; lastKnownFileType = text.plist.xml; name = "GoogleService-Info.plist"; path = "../../../../../Desktop/GoogleService-Info.plist"; sourceTree = "<group>"; };
		31CCE6DD29DA95A400B42585 /* boxscoreView.swift */ = {isa = PBXFileReference; lastKnownFileType = sourcecode.swift; path = boxscoreView.swift; sourceTree = "<group>"; };
		31F352FB29C2F051009F69C3 /* SimpleBasketballScore.app */ = {isa = PBXFileReference; explicitFileType = wrapper.application; includeInIndex = 0; path = SimpleBasketballScore.app; sourceTree = BUILT_PRODUCTS_DIR; };
		31F352FE29C2F051009F69C3 /* SimpleBasketballScoreApp.swift */ = {isa = PBXFileReference; lastKnownFileType = sourcecode.swift; path = SimpleBasketballScoreApp.swift; sourceTree = "<group>"; };
		31F3530029C2F051009F69C3 /* ContentView.swift */ = {isa = PBXFileReference; lastKnownFileType = sourcecode.swift; path = ContentView.swift; sourceTree = "<group>"; };
		31F3530229C2F053009F69C3 /* Assets.xcassets */ = {isa = PBXFileReference; lastKnownFileType = folder.assetcatalog; path = Assets.xcassets; sourceTree = "<group>"; };
		31F3530529C2F053009F69C3 /* Preview Assets.xcassets */ = {isa = PBXFileReference; lastKnownFileType = folder.assetcatalog; path = "Preview Assets.xcassets"; sourceTree = "<group>"; };
		31F3530729C2F053009F69C3 /* Persistence.swift */ = {isa = PBXFileReference; lastKnownFileType = sourcecode.swift; path = Persistence.swift; sourceTree = "<group>"; };
		31F3530A29C2F053009F69C3 /* SimpleBasketballScore.xcdatamodel */ = {isa = PBXFileReference; lastKnownFileType = wrapper.xcdatamodel; path = SimpleBasketballScore.xcdatamodel; sourceTree = "<group>"; };
		31F3531429C2F127009F69C3 /* inGameView.swift */ = {isa = PBXFileReference; lastKnownFileType = sourcecode.swift; path = inGameView.swift; sourceTree = "<group>"; };
/* End PBXFileReference section */

/* Begin PBXFrameworksBuildPhase section */
		31F352F829C2F051009F69C3 /* Frameworks */ = {
			isa = PBXFrameworksBuildPhase;
			buildActionMask = 2147483647;
			files = (
				3195812A29DA4E5B00EBC8F3 /* FirebaseFirestore in Frameworks */,
				3195812C29DA4E5B00EBC8F3 /* FirebaseFirestoreSwift in Frameworks */,
			);
			runOnlyForDeploymentPostprocessing = 0;
		};
/* End PBXFrameworksBuildPhase section */

/* Begin PBXGroup section */
		3189F10029DA41CF00786D18 /* Models */ = {
			isa = PBXGroup;
			children = (
				3189F10129DA41E000786D18 /* PlayerModel.swift */,
			);
			path = Models;
			sourceTree = "<group>";
		};
		3189F10329DA42BE00786D18 /* ViewModels */ = {
			isa = PBXGroup;
			children = (
				3189F10429DA42CF00786D18 /* PlayerViewModel.swift */,
			);
			path = ViewModels;
			sourceTree = "<group>";
		};
		31F352F229C2F051009F69C3 = {
			isa = PBXGroup;
			children = (
				31F352FD29C2F051009F69C3 /* SimpleBasketballScore */,
				31F352FC29C2F051009F69C3 /* Products */,
			);
			sourceTree = "<group>";
		};
		31F352FC29C2F051009F69C3 /* Products */ = {
			isa = PBXGroup;
			children = (
				31F352FB29C2F051009F69C3 /* SimpleBasketballScore.app */,
			);
			name = Products;
			sourceTree = "<group>";
		};
		31F352FD29C2F051009F69C3 /* SimpleBasketballScore */ = {
			isa = PBXGroup;
			children = (
				3189F10329DA42BE00786D18 /* ViewModels */,
				3189F10029DA41CF00786D18 /* Models */,
				31F3531329C2F108009F69C3 /* Views */,
				31F3530029C2F051009F69C3 /* ContentView.swift */,
				31F352FE29C2F051009F69C3 /* SimpleBasketballScoreApp.swift */,
				31F3530229C2F053009F69C3 /* Assets.xcassets */,
				31F3530729C2F053009F69C3 /* Persistence.swift */,
				31F3530929C2F053009F69C3 /* SimpleBasketballScore.xcdatamodeld */,
				3195812629DA4E1B00EBC8F3 /* GoogleService-Info.plist */,
				31F3530429C2F053009F69C3 /* Preview Content */,
			);
			path = SimpleBasketballScore;
			sourceTree = "<group>";
		};
		31F3530429C2F053009F69C3 /* Preview Content */ = {
			isa = PBXGroup;
			children = (
				31F3530529C2F053009F69C3 /* Preview Assets.xcassets */,
			);
			path = "Preview Content";
			sourceTree = "<group>";
		};
		31F3531329C2F108009F69C3 /* Views */ = {
			isa = PBXGroup;
			children = (
				31F3531429C2F127009F69C3 /* inGameView.swift */,
				3105734D29CFC7A90066E1F2 /* WhoScoreView.swift */,
				31CCE6DD29DA95A400B42585 /* boxscoreView.swift */,
			);
			path = Views;
			sourceTree = "<group>";
		};
/* End PBXGroup section */

/* Begin PBXNativeTarget section */
		31F352FA29C2F051009F69C3 /* SimpleBasketballScore */ = {
			isa = PBXNativeTarget;
			buildConfigurationList = 31F3530E29C2F053009F69C3 /* Build configuration list for PBXNativeTarget "SimpleBasketballScore" */;
			buildPhases = (
				31F352F729C2F051009F69C3 /* Sources */,
				31F352F829C2F051009F69C3 /* Frameworks */,
				31F352F929C2F051009F69C3 /* Resources */,
			);
			buildRules = (
			);
			dependencies = (
			);
			name = SimpleBasketballScore;
			packageProductDependencies = (
				3195812929DA4E5B00EBC8F3 /* FirebaseFirestore */,
				3195812B29DA4E5B00EBC8F3 /* FirebaseFirestoreSwift */,
			);
			productName = SimpleBasketballScore;
			productReference = 31F352FB29C2F051009F69C3 /* SimpleBasketballScore.app */;
			productType = "com.apple.product-type.application";
		};
/* End PBXNativeTarget section */

/* Begin PBXProject section */
		31F352F329C2F051009F69C3 /* Project object */ = {
			isa = PBXProject;
			attributes = {
				BuildIndependentTargetsInParallel = 1;
				LastSwiftUpdateCheck = 1420;
				LastUpgradeCheck = 1420;
				TargetAttributes = {
					31F352FA29C2F051009F69C3 = {
						CreatedOnToolsVersion = 14.2;
					};
				};
			};
			buildConfigurationList = 31F352F629C2F051009F69C3 /* Build configuration list for PBXProject "SimpleBasketballScore" */;
			compatibilityVersion = "Xcode 14.0";
			developmentRegion = en;
			hasScannedForEncodings = 0;
			knownRegions = (
				en,
				Base,
			);
			mainGroup = 31F352F229C2F051009F69C3;
			packageReferences = (
				3195812829DA4E5B00EBC8F3 /* XCRemoteSwiftPackageReference "firebase-ios-sdk" */,
			);
			productRefGroup = 31F352FC29C2F051009F69C3 /* Products */;
			projectDirPath = "";
			projectRoot = "";
			targets = (
				31F352FA29C2F051009F69C3 /* SimpleBasketballScore */,
			);
		};
/* End PBXProject section */

/* Begin PBXResourcesBuildPhase section */
		31F352F929C2F051009F69C3 /* Resources */ = {
			isa = PBXResourcesBuildPhase;
			buildActionMask = 2147483647;
			files = (
				31F3530629C2F053009F69C3 /* Preview Assets.xcassets in Resources */,
				31F3530329C2F053009F69C3 /* Assets.xcassets in Resources */,
				3195812729DA4E1B00EBC8F3 /* GoogleService-Info.plist in Resources */,
			);
			runOnlyForDeploymentPostprocessing = 0;
		};
/* End PBXResourcesBuildPhase section */

/* Begin PBXSourcesBuildPhase section */
		31F352F729C2F051009F69C3 /* Sources */ = {
			isa = PBXSourcesBuildPhase;
			buildActionMask = 2147483647;
			files = (
				3105734E29CFC7A90066E1F2 /* WhoScoreView.swift in Sources */,
				3189F10529DA42CF00786D18 /* PlayerViewModel.swift in Sources */,
				31F3530829C2F053009F69C3 /* Persistence.swift in Sources */,
				31CCE6DE29DA95A400B42585 /* boxscoreView.swift in Sources */,
				31F3530B29C2F053009F69C3 /* SimpleBasketballScore.xcdatamodeld in Sources */,
				31F3531529C2F127009F69C3 /* inGameView.swift in Sources */,
				31F3530129C2F051009F69C3 /* ContentView.swift in Sources */,
				31F352FF29C2F051009F69C3 /* SimpleBasketballScoreApp.swift in Sources */,
				3189F10229DA41E000786D18 /* PlayerModel.swift in Sources */,
			);
			runOnlyForDeploymentPostprocessing = 0;
		};
/* End PBXSourcesBuildPhase section */

/* Begin XCBuildConfiguration section */
		31F3530C29C2F053009F69C3 /* Debug */ = {
			isa = XCBuildConfiguration;
			buildSettings = {
				ALWAYS_SEARCH_USER_PATHS = NO;
				CLANG_ANALYZER_NONNULL = YES;
				CLANG_ANALYZER_NUMBER_OBJECT_CONVERSION = YES_AGGRESSIVE;
				CLANG_CXX_LANGUAGE_STANDARD = "gnu++20";
				CLANG_ENABLE_MODULES = YES;
				CLANG_ENABLE_OBJC_ARC = YES;
				CLANG_ENABLE_OBJC_WEAK = YES;
				CLANG_WARN_BLOCK_CAPTURE_AUTORELEASING = YES;
				CLANG_WARN_BOOL_CONVERSION = YES;
				CLANG_WARN_COMMA = YES;
				CLANG_WARN_CONSTANT_CONVERSION = YES;
				CLANG_WARN_DEPRECATED_OBJC_IMPLEMENTATIONS = YES;
				CLANG_WARN_DIRECT_OBJC_ISA_USAGE = YES_ERROR;
				CLANG_WARN_DOCUMENTATION_COMMENTS = YES;
				CLANG_WARN_EMPTY_BODY = YES;
				CLANG_WARN_ENUM_CONVERSION = YES;
				CLANG_WARN_INFINITE_RECURSION = YES;
				CLANG_WARN_INT_CONVERSION = YES;
				CLANG_WARN_NON_LITERAL_NULL_CONVERSION = YES;
				CLANG_WARN_OBJC_IMPLICIT_RETAIN_SELF = YES;
				CLANG_WARN_OBJC_LITERAL_CONVERSION = YES;
				CLANG_WARN_OBJC_ROOT_CLASS = YES_ERROR;
				CLANG_WARN_QUOTED_INCLUDE_IN_FRAMEWORK_HEADER = YES;
				CLANG_WARN_RANGE_LOOP_ANALYSIS = YES;
				CLANG_WARN_STRICT_PROTOTYPES = YES;
				CLANG_WARN_SUSPICIOUS_MOVE = YES;
				CLANG_WARN_UNGUARDED_AVAILABILITY = YES_AGGRESSIVE;
				CLANG_WARN_UNREACHABLE_CODE = YES;
				CLANG_WARN__DUPLICATE_METHOD_MATCH = YES;
				COPY_PHASE_STRIP = NO;
				DEBUG_INFORMATION_FORMAT = dwarf;
				ENABLE_STRICT_OBJC_MSGSEND = YES;
				ENABLE_TESTABILITY = YES;
				GCC_C_LANGUAGE_STANDARD = gnu11;
				GCC_DYNAMIC_NO_PIC = NO;
				GCC_NO_COMMON_BLOCKS = YES;
				GCC_OPTIMIZATION_LEVEL = 0;
				GCC_PREPROCESSOR_DEFINITIONS = (
					"DEBUG=1",
					"$(inherited)",
				);
				GCC_WARN_64_TO_32_BIT_CONVERSION = YES;
				GCC_WARN_ABOUT_RETURN_TYPE = YES_ERROR;
				GCC_WARN_UNDECLARED_SELECTOR = YES;
				GCC_WARN_UNINITIALIZED_AUTOS = YES_AGGRESSIVE;
				GCC_WARN_UNUSED_FUNCTION = YES;
				GCC_WARN_UNUSED_VARIABLE = YES;
				IPHONEOS_DEPLOYMENT_TARGET = 16.2;
				MTL_ENABLE_DEBUG_INFO = INCLUDE_SOURCE;
				MTL_FAST_MATH = YES;
				ONLY_ACTIVE_ARCH = YES;
				SDKROOT = iphoneos;
				SWIFT_ACTIVE_COMPILATION_CONDITIONS = DEBUG;
				SWIFT_OPTIMIZATION_LEVEL = "-Onone";
			};
			name = Debug;
		};
		31F3530D29C2F053009F69C3 /* Release */ = {
			isa = XCBuildConfiguration;
			buildSettings = {
				ALWAYS_SEARCH_USER_PATHS = NO;
				CLANG_ANALYZER_NONNULL = YES;
				CLANG_ANALYZER_NUMBER_OBJECT_CONVERSION = YES_AGGRESSIVE;
				CLANG_CXX_LANGUAGE_STANDARD = "gnu++20";
				CLANG_ENABLE_MODULES = YES;
				CLANG_ENABLE_OBJC_ARC = YES;
				CLANG_ENABLE_OBJC_WEAK = YES;
				CLANG_WARN_BLOCK_CAPTURE_AUTORELEASING = YES;
				CLANG_WARN_BOOL_CONVERSION = YES;
				CLANG_WARN_COMMA = YES;
				CLANG_WARN_CONSTANT_CONVERSION = YES;
				CLANG_WARN_DEPRECATED_OBJC_IMPLEMENTATIONS = YES;
				CLANG_WARN_DIRECT_OBJC_ISA_USAGE = YES_ERROR;
				CLANG_WARN_DOCUMENTATION_COMMENTS = YES;
				CLANG_WARN_EMPTY_BODY = YES;
				CLANG_WARN_ENUM_CONVERSION = YES;
				CLANG_WARN_INFINITE_RECURSION = YES;
				CLANG_WARN_INT_CONVERSION = YES;
				CLANG_WARN_NON_LITERAL_NULL_CONVERSION = YES;
				CLANG_WARN_OBJC_IMPLICIT_RETAIN_SELF = YES;
				CLANG_WARN_OBJC_LITERAL_CONVERSION = YES;
				CLANG_WARN_OBJC_ROOT_CLASS = YES_ERROR;
				CLANG_WARN_QUOTED_INCLUDE_IN_FRAMEWORK_HEADER = YES;
				CLANG_WARN_RANGE_LOOP_ANALYSIS = YES;
				CLANG_WARN_STRICT_PROTOTYPES = YES;
				CLANG_WARN_SUSPICIOUS_MOVE = YES;
				CLANG_WARN_UNGUARDED_AVAILABILITY = YES_AGGRESSIVE;
				CLANG_WARN_UNREACHABLE_CODE = YES;
				CLANG_WARN__DUPLICATE_METHOD_MATCH = YES;
				COPY_PHASE_STRIP = NO;
				DEBUG_INFORMATION_FORMAT = "dwarf-with-dsym";
				ENABLE_NS_ASSERTIONS = NO;
				ENABLE_STRICT_OBJC_MSGSEND = YES;
				GCC_C_LANGUAGE_STANDARD = gnu11;
				GCC_NO_COMMON_BLOCKS = YES;
				GCC_WARN_64_TO_32_BIT_CONVERSION = YES;
				GCC_WARN_ABOUT_RETURN_TYPE = YES_ERROR;
				GCC_WARN_UNDECLARED_SELECTOR = YES;
				GCC_WARN_UNINITIALIZED_AUTOS = YES_AGGRESSIVE;
				GCC_WARN_UNUSED_FUNCTION = YES;
				GCC_WARN_UNUSED_VARIABLE = YES;
				IPHONEOS_DEPLOYMENT_TARGET = 16.2;
				MTL_ENABLE_DEBUG_INFO = NO;
				MTL_FAST_MATH = YES;
				SDKROOT = iphoneos;
				SWIFT_COMPILATION_MODE = wholemodule;
				SWIFT_OPTIMIZATION_LEVEL = "-O";
				VALIDATE_PRODUCT = YES;
			};
			name = Release;
		};
		31F3530F29C2F053009F69C3 /* Debug */ = {
			isa = XCBuildConfiguration;
			buildSettings = {
				ASSETCATALOG_COMPILER_APPICON_NAME = AppIcon;
				ASSETCATALOG_COMPILER_GLOBAL_ACCENT_COLOR_NAME = AccentColor;
				CODE_SIGN_STYLE = Automatic;
				CURRENT_PROJECT_VERSION = 1;
				DEVELOPMENT_ASSET_PATHS = "\"SimpleBasketballScore/Preview Content\"";
				DEVELOPMENT_TEAM = 265P8798N4;
				ENABLE_PREVIEWS = YES;
				GENERATE_INFOPLIST_FILE = YES;
				INFOPLIST_KEY_UIApplicationSceneManifest_Generation = YES;
				INFOPLIST_KEY_UIApplicationSupportsIndirectInputEvents = YES;
				INFOPLIST_KEY_UILaunchScreen_Generation = YES;
				INFOPLIST_KEY_UISupportedInterfaceOrientations = "UIInterfaceOrientationLandscapeLeft UIInterfaceOrientationLandscapeRight";
				LD_RUNPATH_SEARCH_PATHS = (
					"$(inherited)",
					"@executable_path/Frameworks",
				);
				MARKETING_VERSION = 1.0;
				PRODUCT_BUNDLE_IDENTIFIER = KojiroTsugaru.SimpleBasketballScore;
				PRODUCT_NAME = "$(TARGET_NAME)";
				SUPPORTED_PLATFORMS = "iphoneos iphonesimulator";
				SUPPORTS_MACCATALYST = NO;
				SUPPORTS_MAC_DESIGNED_FOR_IPHONE_IPAD = NO;
				SWIFT_EMIT_LOC_STRINGS = YES;
				SWIFT_VERSION = 5.0;
				TARGETED_DEVICE_FAMILY = "1,2";
			};
			name = Debug;
		};
		31F3531029C2F053009F69C3 /* Release */ = {
			isa = XCBuildConfiguration;
			buildSettings = {
				ASSETCATALOG_COMPILER_APPICON_NAME = AppIcon;
				ASSETCATALOG_COMPILER_GLOBAL_ACCENT_COLOR_NAME = AccentColor;
				CODE_SIGN_STYLE = Automatic;
				CURRENT_PROJECT_VERSION = 1;
				DEVELOPMENT_ASSET_PATHS = "\"SimpleBasketballScore/Preview Content\"";
				DEVELOPMENT_TEAM = 265P8798N4;
				ENABLE_PREVIEWS = YES;
				GENERATE_INFOPLIST_FILE = YES;
				INFOPLIST_KEY_UIApplicationSceneManifest_Generation = YES;
				INFOPLIST_KEY_UIApplicationSupportsIndirectInputEvents = YES;
				INFOPLIST_KEY_UILaunchScreen_Generation = YES;
				INFOPLIST_KEY_UISupportedInterfaceOrientations = "UIInterfaceOrientationLandscapeLeft UIInterfaceOrientationLandscapeRight";
				LD_RUNPATH_SEARCH_PATHS = (
					"$(inherited)",
					"@executable_path/Frameworks",
				);
				MARKETING_VERSION = 1.0;
				PRODUCT_BUNDLE_IDENTIFIER = KojiroTsugaru.SimpleBasketballScore;
				PRODUCT_NAME = "$(TARGET_NAME)";
				SUPPORTED_PLATFORMS = "iphoneos iphonesimulator";
				SUPPORTS_MACCATALYST = NO;
				SUPPORTS_MAC_DESIGNED_FOR_IPHONE_IPAD = NO;
				SWIFT_EMIT_LOC_STRINGS = YES;
				SWIFT_VERSION = 5.0;
				TARGETED_DEVICE_FAMILY = "1,2";
			};
			name = Release;
		};
/* End XCBuildConfiguration section */

/* Begin XCConfigurationList section */
		31F352F629C2F051009F69C3 /* Build configuration list for PBXProject "SimpleBasketballScore" */ = {
			isa = XCConfigurationList;
			buildConfigurations = (
				31F3530C29C2F053009F69C3 /* Debug */,
				31F3530D29C2F053009F69C3 /* Release */,
			);
			defaultConfigurationIsVisible = 0;
			defaultConfigurationName = Release;
		};
		31F3530E29C2F053009F69C3 /* Build configuration list for PBXNativeTarget "SimpleBasketballScore" */ = {
			isa = XCConfigurationList;
			buildConfigurations = (
				31F3530F29C2F053009F69C3 /* Debug */,
				31F3531029C2F053009F69C3 /* Release */,
			);
			defaultConfigurationIsVisible = 0;
			defaultConfigurationName = Release;
		};
/* End XCConfigurationList section */

/* Begin XCRemoteSwiftPackageReference section */
		3195812829DA4E5B00EBC8F3 /* XCRemoteSwiftPackageReference "firebase-ios-sdk" */ = {
			isa = XCRemoteSwiftPackageReference;
			repositoryURL = "https://github.com/firebase/firebase-ios-sdk";
			requirement = {
				kind = upToNextMajorVersion;
				minimumVersion = 10.0.0;
			};
		};
/* End XCRemoteSwiftPackageReference section */

/* Begin XCSwiftPackageProductDependency section */
		3195812929DA4E5B00EBC8F3 /* FirebaseFirestore */ = {
			isa = XCSwiftPackageProductDependency;
			package = 3195812829DA4E5B00EBC8F3 /* XCRemoteSwiftPackageReference "firebase-ios-sdk" */;
			productName = FirebaseFirestore;
		};
		3195812B29DA4E5B00EBC8F3 /* FirebaseFirestoreSwift */ = {
			isa = XCSwiftPackageProductDependency;
			package = 3195812829DA4E5B00EBC8F3 /* XCRemoteSwiftPackageReference "firebase-ios-sdk" */;
			productName = FirebaseFirestoreSwift;
		};
/* End XCSwiftPackageProductDependency section */

/* Begin XCVersionGroup section */
		31F3530929C2F053009F69C3 /* SimpleBasketballScore.xcdatamodeld */ = {
			isa = XCVersionGroup;
			children = (
				31F3530A29C2F053009F69C3 /* SimpleBasketballScore.xcdatamodel */,
			);
			currentVersion = 31F3530A29C2F053009F69C3 /* SimpleBasketballScore.xcdatamodel */;
			path = SimpleBasketballScore.xcdatamodeld;
			sourceTree = "<group>";
			versionGroupType = wrapper.xcdatamodel;
		};
/* End XCVersionGroup section */
	};
	rootObject = 31F352F329C2F051009F69C3 /* Project object */;
}
